
Microsoft Visual Studio Solution File, Format Version 12.00
Project("{2150E333-8FDC-42A3-9474-1A3956D46DE8}") = "src", "src", "{E5CFB19A-1D88-4660-862A-EABE40588B76}"
EndProject
Project("{2150E333-8FDC-42A3-9474-1A3956D46DE8}") = "test", "test", "{64EB61B1-1A52-483F-BDCA-664A5D108795}"
EndProject
Project("{FAE04EC0-301F-11D3-BF4B-00C04F79EFBC}") = "Application", "Application\Application.csproj", "{6B3133AC-D561-43AA-8D1E-0AEE06308785}"
EndProject
Project("{FAE04EC0-301F-11D3-BF4B-00C04F79EFBC}") = "Domain", "Domain\Domain.csproj", "{954275DC-A285-4BD3-B4A9-A1FC2C4F1727}"
EndProject
Project("{FAE04EC0-301F-11D3-BF4B-00C04F79EFBC}") = "Infrastructure", "Infrastructure\Infrastructure.csproj", "{27568532-D6DD-4515-8AA5-0F678B8D4C05}"
EndProject
Project("{FAE04EC0-301F-11D3-BF4B-00C04F79EFBC}") = "API", "API\API.csproj", "{0AD8D873-0EDD-4D50-93DC-C5F26DD5FD36}"
EndProject
Project("{2150E333-8FDC-42A3-9474-1A3956D46DE8}") = "GeneratedClients", "GeneratedClients", "{53775B8E-86B6-4D52-AD0E-FB6951294812}"
EndProject
Project("{FAE04EC0-301F-11D3-BF4B-00C04F79EFBC}") = "Client.CSharp", "GeneratedClients\Client.CSharp\Client.CSharp.csproj", "{6CD7E357-21AF-45FB-A35C-48103A6B08C0}"
EndProject
Project("{FAE04EC0-301F-11D3-BF4B-00C04F79EFBC}") = "Client.TypeScript", "GeneratedClients\Client.TypeScript\Client.TypeScript.csproj", "{82B41A0E-2AA3-42ED-88B2-B71E9B5EBC2E}"
EndProject
Global
	GlobalSection(SolutionConfigurationPlatforms) = preSolution
		Debug|Any CPU = Debug|Any CPU
		Release|Any CPU = Release|Any CPU
	EndGlobalSection
	GlobalSection(NestedProjects) = preSolution
		{6B3133AC-D561-43AA-8D1E-0AEE06308785} = {E5CFB19A-1D88-4660-862A-EABE40588B76}
		{954275DC-A285-4BD3-B4A9-A1FC2C4F1727} = {E5CFB19A-1D88-4660-862A-EABE40588B76}
		{27568532-D6DD-4515-8AA5-0F678B8D4C05} = {E5CFB19A-1D88-4660-862A-EABE40588B76}
		{0AD8D873-0EDD-4D50-93DC-C5F26DD5FD36} = {E5CFB19A-1D88-4660-862A-EABE40588B76}
		{53775B8E-86B6-4D52-AD0E-FB6951294812} = {E5CFB19A-1D88-4660-862A-EABE40588B76}
		{6CD7E357-21AF-45FB-A35C-48103A6B08C0} = {53775B8E-86B6-4D52-AD0E-FB6951294812}
		{82B41A0E-2AA3-42ED-88B2-B71E9B5EBC2E} = {53775B8E-86B6-4D52-AD0E-FB6951294812}
	EndGlobalSection
	GlobalSection(ProjectConfigurationPlatforms) = postSolution
		{6B3133AC-D561-43AA-8D1E-0AEE06308785}.Debug|Any CPU.ActiveCfg = Debug|Any CPU
		{6B3133AC-D561-43AA-8D1E-0AEE06308785}.Debug|Any CPU.Build.0 = Debug|Any CPU
		{6B3133AC-D561-43AA-8D1E-0AEE06308785}.Release|Any CPU.ActiveCfg = Release|Any CPU
		{6B3133AC-D561-43AA-8D1E-0AEE06308785}.Release|Any CPU.Build.0 = Release|Any CPU
		{954275DC-A285-4BD3-B4A9-A1FC2C4F1727}.Debug|Any CPU.ActiveCfg = Debug|Any CPU
		{954275DC-A285-4BD3-B4A9-A1FC2C4F1727}.Debug|Any CPU.Build.0 = Debug|Any CPU
		{954275DC-A285-4BD3-B4A9-A1FC2C4F1727}.Release|Any CPU.ActiveCfg = Release|Any CPU
		{954275DC-A285-4BD3-B4A9-A1FC2C4F1727}.Release|Any CPU.Build.0 = Release|Any CPU
		{27568532-D6DD-4515-8AA5-0F678B8D4C05}.Debug|Any CPU.ActiveCfg = Debug|Any CPU
		{27568532-D6DD-4515-8AA5-0F678B8D4C05}.Debug|Any CPU.Build.0 = Debug|Any CPU
		{27568532-D6DD-4515-8AA5-0F678B8D4C05}.Release|Any CPU.ActiveCfg = Release|Any CPU
		{27568532-D6DD-4515-8AA5-0F678B8D4C05}.Release|Any CPU.Build.0 = Release|Any CPU
		{0AD8D873-0EDD-4D50-93DC-C5F26DD5FD36}.Debug|Any CPU.ActiveCfg = Debug|Any CPU
		{0AD8D873-0EDD-4D50-93DC-C5F26DD5FD36}.Debug|Any CPU.Build.0 = Debug|Any CPU
		{0AD8D873-0EDD-4D50-93DC-C5F26DD5FD36}.Release|Any CPU.ActiveCfg = Release|Any CPU
		{0AD8D873-0EDD-4D50-93DC-C5F26DD5FD36}.Release|Any CPU.Build.0 = Release|Any CPU
		{6CD7E357-21AF-45FB-A35C-48103A6B08C0}.Debug|Any CPU.ActiveCfg = Debug|Any CPU
		{6CD7E357-21AF-45FB-A35C-48103A6B08C0}.Debug|Any CPU.Build.0 = Debug|Any CPU
		{6CD7E357-21AF-45FB-A35C-48103A6B08C0}.Release|Any CPU.ActiveCfg = Release|Any CPU
		{6CD7E357-21AF-45FB-A35C-48103A6B08C0}.Release|Any CPU.Build.0 = Release|Any CPU
		{82B41A0E-2AA3-42ED-88B2-B71E9B5EBC2E}.Debug|Any CPU.ActiveCfg = Debug|Any CPU
		{82B41A0E-2AA3-42ED-88B2-B71E9B5EBC2E}.Debug|Any CPU.Build.0 = Debug|Any CPU
		{82B41A0E-2AA3-42ED-88B2-B71E9B5EBC2E}.Release|Any CPU.ActiveCfg = Release|Any CPU
		{82B41A0E-2AA3-42ED-88B2-B71E9B5EBC2E}.Release|Any CPU.Build.0 = Release|Any CPU
	EndGlobalSection
EndGlobal
